// !$*UTF8*$!
{
	archiveVersion = 1;
	classes = {
	};
	objectVersion = 56;
	objects = {

/* Begin PBXBuildFile section */
		AA937E9F2D900BBF0000D5E7 /* MapArea.swift in Sources */ = {isa = PBXBuildFile; fileRef = AA937E952D900BBF0000D5E7 /* MapArea.swift */; };
		AA937EA02D900BBF0000D5E7 /* WhereIBeen.swift in Sources */ = {isa = PBXBuildFile; fileRef = AA937E9E2D900BBF0000D5E7 /* WhereIBeen.swift */; };
		AA937EA12D900BBF0000D5E7 /* MapOverlayService.swift in Sources */ = {isa = PBXBuildFile; fileRef = AA937E972D900BBF0000D5E7 /* MapOverlayService.swift */; };
		AA937EA22D900BBF0000D5E7 /* MapViewModel.swift in Sources */ = {isa = PBXBuildFile; fileRef = AA937E992D900BBF0000D5E7 /* MapViewModel.swift */; };
		AA937EA32D900BBF0000D5E7 /* ContentView.swift in Sources */ = {isa = PBXBuildFile; fileRef = AA937E9B2D900BBF0000D5E7 /* ContentView.swift */; };
		AA937EA42D900BBF0000D5E7 /* MapView.swift in Sources */ = {isa = PBXBuildFile; fileRef = AA937E9C2D900BBF0000D5E7 /* MapView.swift */; };
/* End PBXBuildFile section */

/* Begin PBXFileReference section */
		8A1234567890ABC0 /* WhereIBeen.app */ = {isa = PBXFileReference; explicitFileType = wrapper.application; includeInIndex = 0; path = WhereIBeen.app; sourceTree = BUILT_PRODUCTS_DIR; };
		AA937E952D900BBF0000D5E7 /* MapArea.swift */ = {isa = PBXFileReference; lastKnownFileType = sourcecode.swift; path = MapArea.swift; sourceTree = "<group>"; };
		AA937E972D900BBF0000D5E7 /* MapOverlayService.swift */ = {isa = PBXFileReference; lastKnownFileType = sourcecode.swift; path = MapOverlayService.swift; sourceTree = "<group>"; };
		AA937E992D900BBF0000D5E7 /* MapViewModel.swift */ = {isa = PBXFileReference; lastKnownFileType = sourcecode.swift; path = MapViewModel.swift; sourceTree = "<group>"; };
		AA937E9B2D900BBF0000D5E7 /* ContentView.swift */ = {isa = PBXFileReference; lastKnownFileType = sourcecode.swift; path = ContentView.swift; sourceTree = "<group>"; };
		AA937E9C2D900BBF0000D5E7 /* MapView.swift */ = {isa = PBXFileReference; lastKnownFileType = sourcecode.swift; path = MapView.swift; sourceTree = "<group>"; };
		AA937E9E2D900BBF0000D5E7 /* WhereIBeen.swift */ = {isa = PBXFileReference; lastKnownFileType = sourcecode.swift; name = WhereIBeen.swift; path = WhereIBeen/Sources/WhereIBeen.swift; sourceTree = "<group>"; };
/* End PBXFileReference section */

/* Begin PBXFrameworksBuildPhase section */
		8A1234567890ABD0 /* Frameworks */ = {
			isa = PBXFrameworksBuildPhase;
			buildActionMask = 2147483647;
			files = (
			);
			runOnlyForDeploymentPostprocessing = 0;
		};
/* End PBXFrameworksBuildPhase section */

/* Begin PBXGroup section */
		8A1234567890ABD1 = {
			isa = PBXGroup;
			children = (
				AA937E962D900BBF0000D5E7 /* Models */,
				AA937E982D900BBF0000D5E7 /* Services */,
				AA937E9A2D900BBF0000D5E7 /* ViewModels */,
				AA937E9D2D900BBF0000D5E7 /* Views */,
				AA937E9E2D900BBF0000D5E7 /* WhereIBeen.swift */,
				8A1234567890ABD2 /* Products */,
			);
			sourceTree = "<group>";
		};
		8A1234567890ABD2 /* Products */ = {
			isa = PBXGroup;
			children = (
				8A1234567890ABC0 /* WhereIBeen.app */,
			);
			name = Products;
			sourceTree = "<group>";
		};
		AA937E962D900BBF0000D5E7 /* Models */ = {
			isa = PBXGroup;
			children = (
				AA937E952D900BBF0000D5E7 /* MapArea.swift */,
			);
			name = Models;
			path = WhereIBeen/Sources/Models;
			sourceTree = "<group>";
		};
		AA937E982D900BBF0000D5E7 /* Services */ = {
			isa = PBXGroup;
			children = (
				AA937E972D900BBF0000D5E7 /* MapOverlayService.swift */,
			);
			name = Services;
			path = WhereIBeen/Sources/Services;
			sourceTree = "<group>";
		};
		AA937E9A2D900BBF0000D5E7 /* ViewModels */ = {
			isa = PBXGroup;
			children = (
				AA937E992D900BBF0000D5E7 /* MapViewModel.swift */,
			);
			name = ViewModels;
			path = WhereIBeen/Sources/ViewModels;
			sourceTree = "<group>";
		};
		AA937E9D2D900BBF0000D5E7 /* Views */ = {
			isa = PBXGroup;
			children = (
				AA937E9B2D900BBF0000D5E7 /* ContentView.swift */,
				AA937E9C2D900BBF0000D5E7 /* MapView.swift */,
			);
			name = Views;
			path = WhereIBeen/Sources/Views;
			sourceTree = "<group>";
		};
/* End PBXGroup section */

/* Begin PBXNativeTarget section */
		8A1234567890ABD3 /* WhereIBeen */ = {
			isa = PBXNativeTarget;
			buildConfigurationList = 8A1234567890ABD4 /* Build configuration list for PBXNativeTarget "WhereIBeen" */;
			buildPhases = (
				8A1234567890ABD5 /* Sources */,
				8A1234567890ABD0 /* Frameworks */,
			);
			buildRules = (
			);
			dependencies = (
			);
			name = WhereIBeen;
			productName = WhereIBeen;
			productReference = 8A1234567890ABC0 /* WhereIBeen.app */;
			productType = "com.apple.product-type.application";
		};
/* End PBXNativeTarget section */

/* Begin PBXProject section */
		8A1234567890ABD6 /* Project object */ = {
			isa = PBXProject;
			attributes = {
				BuildIndependentTargetsInParallel = 1;
				LastSwiftUpdateCheck = 1500;
				LastUpgradeCheck = 1500;
				TargetAttributes = {
					8A1234567890ABD3 = {
						CreatedOnToolsVersion = 15.0;
					};
				};
			};
			buildConfigurationList = 8A1234567890ABD7 /* Build configuration list for PBXProject "WhereIBeen" */;
			compatibilityVersion = "Xcode 14.0";
			developmentRegion = en;
			hasScannedForEncodings = 0;
			knownRegions = (
				en,
				Base,
			);
			mainGroup = 8A1234567890ABD1;
			productRefGroup = 8A1234567890ABD2 /* Products */;
			projectDirPath = "";
			projectRoot = "";
			targets = (
				8A1234567890ABD3 /* WhereIBeen */,
			);
		};
/* End PBXProject section */

/* Begin PBXSourcesBuildPhase section */
		8A1234567890ABD5 /* Sources */ = {
			isa = PBXSourcesBuildPhase;
			buildActionMask = 2147483647;
			files = (
				AA937E9F2D900BBF0000D5E7 /* MapArea.swift in Sources */,
				AA937EA02D900BBF0000D5E7 /* WhereIBeen.swift in Sources */,
				AA937EA12D900BBF0000D5E7 /* MapOverlayService.swift in Sources */,
				AA937EA22D900BBF0000D5E7 /* MapViewModel.swift in Sources */,
				AA937EA32D900BBF0000D5E7 /* ContentView.swift in Sources */,
				AA937EA42D900BBF0000D5E7 /* MapView.swift in Sources */,
			);
			runOnlyForDeploymentPostprocessing = 0;
		};
/* End PBXSourcesBuildPhase section */

/* Begin XCBuildConfiguration section */
		8A1234567890ABD8 /* Debug */ = {
			isa = XCBuildConfiguration;
			buildSettings = {
				ALWAYS_SEARCH_USER_PATHS = NO;
				ASSETCATALOG_COMPILER_GENERATE_SWIFT_ASSET_SYMBOL_EXTENSIONS = YES;
				CLANG_ANALYZER_NONNULL = YES;
				CLANG_ANALYZER_NUMBER_OBJECT_CONVERSION = YES_AGGRESSIVE;
				CLANG_CXX_LANGUAGE_STANDARD = "gnu++20";
				CLANG_ENABLE_MODULES = YES;
				CLANG_ENABLE_OBJC_ARC = YES;
				CLANG_ENABLE_OBJC_WEAK = YES;
				CLANG_WARN_BLOCK_CAPTURE_AUTORELEASING = YES;
				CLANG_WARN_BOOL_CONVERSION = YES;
				CLANG_WARN_COMMA = YES;
				CLANG_WARN_CONSTANT_CONVERSION = YES;
				CLANG_WARN_DEPRECATED_OBJC_IMPLEMENTATIONS = YES;
				CLANG_WARN_DIRECT_OBJC_ISA_USAGE = YES_ERROR;
				CLANG_WARN_DOCUMENTATION_COMMENTS = YES;
				CLANG_WARN_EMPTY_BODY = YES;
				CLANG_WARN_ENUM_CONVERSION = YES;
				CLANG_WARN_INFINITE_RECURSION = YES;
				CLANG_WARN_INT_CONVERSION = YES;
				CLANG_WARN_NON_LITERAL_NULL_CONVERSION = YES;
				CLANG_WARN_OBJC_IMPLICIT_RETAIN_SELF = YES;
				CLANG_WARN_OBJC_LITERAL_CONVERSION = YES;
				CLANG_WARN_OBJC_ROOT_CLASS = YES_ERROR;
				CLANG_WARN_QUOTED_INCLUDE_IN_FRAMEWORK_HEADER = YES;
				CLANG_WARN_RANGE_LOOP_ANALYSIS = YES;
				CLANG_WARN_STRICT_PROTOTYPES = YES;
				CLANG_WARN_SUSPICIOUS_MOVE = YES;
				CLANG_WARN_UNGUARDED_AVAILABILITY = YES_AGGRESSIVE;
				CLANG_WARN_UNREACHABLE_CODE = YES;
				CLANG_WARN__DUPLICATE_METHOD_MATCH = YES;
				COPY_PHASE_STRIP = NO;
				DEBUG_INFORMATION_FORMAT = dwarf;
				ENABLE_STRICT_OBJC_MSGSEND = YES;
				ENABLE_TESTABILITY = YES;
				ENABLE_USER_SCRIPT_SANDBOXING = YES;
				GCC_C_LANGUAGE_STANDARD = gnu17;
				GCC_DYNAMIC_NO_PIC = NO;
				GCC_NO_COMMON_BLOCKS = YES;
				GCC_OPTIMIZATION_LEVEL = 0;
				GCC_PREPROCESSOR_DEFINITIONS = (
					"DEBUG=1",
					"$(inherited)",
				);
				GCC_WARN_64_TO_32_BIT_CONVERSION = YES;
				GCC_WARN_ABOUT_RETURN_TYPE = YES_ERROR;
				GCC_WARN_UNDECLARED_SELECTOR = YES;
				GCC_WARN_UNINITIALIZED_AUTOS = YES_AGGRESSIVE;
				GCC_WARN_UNUSED_FUNCTION = YES;
				GCC_WARN_UNUSED_VARIABLE = YES;
				IPHONEOS_DEPLOYMENT_TARGET = 17.0;
				LOCALIZATION_PREFERS_STRING_CATALOGS = YES;
				MTL_ENABLE_DEBUG_INFO = INCLUDE_SOURCE;
				MTL_FAST_MATH = YES;
				ONLY_ACTIVE_ARCH = YES;
				SDKROOT = iphoneos;
				SWIFT_ACTIVE_COMPILATION_CONDITIONS = "DEBUG $(inherited)";
				SWIFT_OPTIMIZATION_LEVEL = "-Onone";
			};
			name = Debug;
		};
		8A1234567890ABD9 /* Release */ = {
			isa = XCBuildConfiguration;
			buildSettings = {
				ALWAYS_SEARCH_USER_PATHS = NO;
				ASSETCATALOG_COMPILER_GENERATE_SWIFT_ASSET_SYMBOL_EXTENSIONS = YES;
				CLANG_ANALYZER_NONNULL = YES;
				CLANG_ANALYZER_NUMBER_OBJECT_CONVERSION = YES_AGGRESSIVE;
				CLANG_CXX_LANGUAGE_STANDARD = "gnu++20";
				CLANG_ENABLE_MODULES = YES;
				CLANG_ENABLE_OBJC_ARC = YES;
				CLANG_ENABLE_OBJC_WEAK = YES;
				CLANG_WARN_BLOCK_CAPTURE_AUTORELEASING = YES;
				CLANG_WARN_BOOL_CONVERSION = YES;
				CLANG_WARN_COMMA = YES;
				CLANG_WARN_CONSTANT_CONVERSION = YES;
				CLANG_WARN_DEPRECATED_OBJC_IMPLEMENTATIONS = YES;
				CLANG_WARN_DIRECT_OBJC_ISA_USAGE = YES_ERROR;
				CLANG_WARN_DOCUMENTATION_COMMENTS = YES;
				CLANG_WARN_EMPTY_BODY = YES;
				CLANG_WARN_ENUM_CONVERSION = YES;
				CLANG_WARN_INFINITE_RECURSION = YES;
				CLANG_WARN_INT_CONVERSION = YES;
				CLANG_WARN_NON_LITERAL_NULL_CONVERSION = YES;
				CLANG_WARN_OBJC_IMPLICIT_RETAIN_SELF = YES;
				CLANG_WARN_OBJC_LITERAL_CONVERSION = YES;
				CLANG_WARN_OBJC_ROOT_CLASS = YES_ERROR;
				CLANG_WARN_QUOTED_INCLUDE_IN_FRAMEWORK_HEADER = YES;
				CLANG_WARN_RANGE_LOOP_ANALYSIS = YES;
				CLANG_WARN_STRICT_PROTOTYPES = YES;
				CLANG_WARN_SUSPICIOUS_MOVE = YES;
				CLANG_WARN_UNGUARDED_AVAILABILITY = YES_AGGRESSIVE;
				CLANG_WARN_UNREACHABLE_CODE = YES;
				CLANG_WARN__DUPLICATE_METHOD_MATCH = YES;
				COPY_PHASE_STRIP = NO;
				DEBUG_INFORMATION_FORMAT = "dwarf-with-dsym";
				ENABLE_NS_ASSERTIONS = NO;
				ENABLE_STRICT_OBJC_MSGSEND = YES;
				ENABLE_USER_SCRIPT_SANDBOXING = YES;
				GCC_C_LANGUAGE_STANDARD = gnu17;
				GCC_NO_COMMON_BLOCKS = YES;
				GCC_WARN_64_TO_32_BIT_CONVERSION = YES;
				GCC_WARN_ABOUT_RETURN_TYPE = YES_ERROR;
				GCC_WARN_UNDECLARED_SELECTOR = YES;
				GCC_WARN_UNINITIALIZED_AUTOS = YES_AGGRESSIVE;
				GCC_WARN_UNUSED_FUNCTION = YES;
				GCC_WARN_UNUSED_VARIABLE = YES;
				IPHONEOS_DEPLOYMENT_TARGET = 17.0;
				LOCALIZATION_PREFERS_STRING_CATALOGS = YES;
				MTL_ENABLE_DEBUG_INFO = NO;
				MTL_FAST_MATH = YES;
				SDKROOT = iphoneos;
				SWIFT_COMPILATION_MODE = wholemodule;
				VALIDATE_PRODUCT = YES;
			};
			name = Release;
		};
		8A1234567890ABDA /* Debug */ = {
			isa = XCBuildConfiguration;
			buildSettings = {
				ASSETCATALOG_COMPILER_APPICON_NAME = AppIcon;
				ASSETCATALOG_COMPILER_GLOBAL_ACCENT_COLOR_NAME = AccentColor;
				CODE_SIGN_STYLE = Automatic;
				CURRENT_PROJECT_VERSION = 1;
				DEVELOPMENT_ASSET_PATHS = "";
				DEVELOPMENT_TEAM = UQ6DWXPFFY;
				ENABLE_PREVIEWS = YES;
				GENERATE_INFOPLIST_FILE = YES;
				INFOPLIST_KEY_UIApplicationSceneManifest_Generation = YES;
				INFOPLIST_KEY_UIApplicationSupportsIndirectInputEvents = YES;
				INFOPLIST_KEY_UILaunchScreen_Generation = YES;
				INFOPLIST_KEY_UISupportedInterfaceOrientations_iPad = "UIInterfaceOrientationPortrait UIInterfaceOrientationPortraitUpsideDown UIInterfaceOrientationLandscapeLeft UIInterfaceOrientationLandscapeRight";
				INFOPLIST_KEY_UISupportedInterfaceOrientations_iPhone = "UIInterfaceOrientationPortrait UIInterfaceOrientationLandscapeLeft UIInterfaceOrientationLandscapeRight";
				LD_RUNPATH_SEARCH_PATHS = (
					"$(inherited)",
					"@executable_path/Frameworks",
				);
				MARKETING_VERSION = 1.0;
				PRODUCT_BUNDLE_IDENTIFIER = com.whereibeen.app;
				PRODUCT_NAME = "$(TARGET_NAME)";
				SWIFT_EMIT_LOC_STRINGS = YES;
				SWIFT_VERSION = 5.0;
				TARGETED_DEVICE_FAMILY = "1,2";
			};
			name = Debug;
		};
		8A1234567890ABDB /* Release */ = {
			isa = XCBuildConfiguration;
			buildSettings = {
				ASSETCATALOG_COMPILER_APPICON_NAME = AppIcon;
				ASSETCATALOG_COMPILER_GLOBAL_ACCENT_COLOR_NAME = AccentColor;
				CODE_SIGN_STYLE = Automatic;
				CURRENT_PROJECT_VERSION = 1;
				DEVELOPMENT_ASSET_PATHS = "";
				DEVELOPMENT_TEAM = UQ6DWXPFFY;
				ENABLE_PREVIEWS = YES;
				GENERATE_INFOPLIST_FILE = YES;
				INFOPLIST_KEY_UIApplicationSceneManifest_Generation = YES;
				INFOPLIST_KEY_UIApplicationSupportsIndirectInputEvents = YES;
				INFOPLIST_KEY_UILaunchScreen_Generation = YES;
				INFOPLIST_KEY_UISupportedInterfaceOrientations_iPad = "UIInterfaceOrientationPortrait UIInterfaceOrientationPortraitUpsideDown UIInterfaceOrientationLandscapeLeft UIInterfaceOrientationLandscapeRight";
				INFOPLIST_KEY_UISupportedInterfaceOrientations_iPhone = "UIInterfaceOrientationPortrait UIInterfaceOrientationLandscapeLeft UIInterfaceOrientationLandscapeRight";
				LD_RUNPATH_SEARCH_PATHS = (
					"$(inherited)",
					"@executable_path/Frameworks",
				);
				MARKETING_VERSION = 1.0;
				PRODUCT_BUNDLE_IDENTIFIER = com.whereibeen.app;
				PRODUCT_NAME = "$(TARGET_NAME)";
				SWIFT_EMIT_LOC_STRINGS = YES;
				SWIFT_VERSION = 5.0;
				TARGETED_DEVICE_FAMILY = "1,2";
			};
			name = Release;
		};
/* End XCBuildConfiguration section */

/* Begin XCConfigurationList section */
		8A1234567890ABD4 /* Build configuration list for PBXNativeTarget "WhereIBeen" */ = {
			isa = XCConfigurationList;
			buildConfigurations = (
				8A1234567890ABDA /* Debug */,
				8A1234567890ABDB /* Release */,
			);
			defaultConfigurationIsVisible = 0;
			defaultConfigurationName = Release;
		};
		8A1234567890ABD7 /* Build configuration list for PBXProject "WhereIBeen" */ = {
			isa = XCConfigurationList;
			buildConfigurations = (
				8A1234567890ABD8 /* Debug */,
				8A1234567890ABD9 /* Release */,
			);
			defaultConfigurationIsVisible = 0;
			defaultConfigurationName = Release;
		};
/* End XCConfigurationList section */
	};
	rootObject = 8A1234567890ABD6 /* Project object */;
}
